
Microsoft Visual Studio Solution File, Format Version 12.00
# Visual Studio Version 17
VisualStudioVersion = 17.5.001.0
MinimumVisualStudioVersion = 10.0.40219.1
Project("{9A19103F-16F7-4668-BE54-9A1E7A4F7556}") = "ProjetoAula", "ProjetoAula.csproj", "{35DD9E51-C376-4330-A276-7D0065B9829E}"
EndProject
Global
	GlobalSection(SolutionConfigurationPlatforms) = preSolution
		Debug|Any CPU = Debug|Any CPU
		Release|Any CPU = Release|Any CPU
	EndGlobalSection
	GlobalSection(ProjectConfigurationPlatforms) = postSolution
		{35DD9E51-C376-4330-A276-7D0065B9829E}.Debug|Any CPU.ActiveCfg = Debug|Any CPU
		{35DD9E51-C376-4330-A276-7D0065B9829E}.Debug|Any CPU.Build.0 = Debug|Any CPU
		{35DD9E51-C376-4330-A276-7D0065B9829E}.Release|Any CPU.ActiveCfg = Release|Any CPU
		{35DD9E51-C376-4330-A276-7D0065B9829E}.Release|Any CPU.Build.0 = Release|Any CPU
	EndGlobalSection
	GlobalSection(SolutionProperties) = preSolution
		HideSolutionNode = FALSE
	EndGlobalSection
	GlobalSection(ExtensibilityGlobals) = postSolution
		SolutionGuid = {98585521-BDF7-4EC2-88E6-36DC25A4B3F3}
	EndGlobalSection
EndGlobal
